<?xml version="1.0" encoding="UTF-8" standalone="yes" ?>
<CodeBlocks_project_file>
	<FileVersion major="1" minor="6" />
	<Project>
		<Option title="Tank" />
		<Option pch_mode="2" />
		<Option compiler="gcc" />
		<Build>
			<Target title="Debug">
				<Option output="bin/Debug/Tank" prefix_auto="1" extension_auto="1" />
				<Option object_output="obj/Debug/" />
				<Option type="1" />
				<Option compiler="gcc" />
				<Compiler>
					<Add option="-std=c++0x" />
					<Add option="-g" />
				</Compiler>
			</Target>
			<Target title="Release">
				<Option output="bin/Release/Tank" prefix_auto="1" extension_auto="1" />
				<Option object_output="obj/Release/" />
				<Option type="0" />
				<Option compiler="gcc" />
				<Compiler>
					<Add option="-O2" />
				</Compiler>
				<Linker>
					<Add option="-s" />
				</Linker>
			</Target>
		</Build>
		<Compiler>
			<Add option="-std=c++0x" />
			<Add option="-Wall" />
			<Add directory="../Tank" />
		</Compiler>
		<Linker>
			<Add library="/usr/lib/libsfml-audio.so.2.0" />
			<Add library="/usr/lib/libsfml-graphics.so.2.0" />
			<Add library="/usr/lib/libsfml-network.so.2.0" />
			<Add library="/usr/lib/libsfml-system.so.2.0" />
			<Add library="/usr/lib/libsfml-window.so.2.0" />
		</Linker>
		<Unit filename="GUI/Button.cpp" />
		<Unit filename="GUI/Button.h" />
		<Unit filename="GUI/Coord.cpp" />
		<Unit filename="GUI/Coord.h" />
		<Unit filename="GUI/EditBox.cpp" />
		<Unit filename="GUI/EditBox.h" />
		<Unit filename="GUI/GuiContainer.cpp" />
		<Unit filename="GUI/GuiContainer.h" />
		<Unit filename="GUI/GuiElement.cpp" />
		<Unit filename="GUI/GuiElement.h" />
		<Unit filename="GUI/Label.cpp" />
		<Unit filename="GUI/Label.h" />
		<Unit filename="GUI/StartGui.cpp" />
		<Unit filename="GUI/StartGui.h" />
		<Unit filename="Graphics/AbstractView.cpp" />
		<Unit filename="Graphics/AbstractView.h" />
		<Unit filename="Graphics/TextureHolder.cpp" />
		<Unit filename="Graphics/TextureHolder.h" />
		<Unit filename="Graphics/View.cpp" />
		<Unit filename="Graphics/View.h" />
		<Unit filename="Logic/AbstractEntity.cpp" />
		<Unit filename="Logic/AbstractEntity.h" />
		<Unit filename="Logic/Block.cpp" />
		<Unit filename="Logic/Block.h" />
		<Unit filename="Logic/Tank.cpp" />
		<Unit filename="Logic/Tank.h" />
		<Unit filename="Logic/TankTypes.cpp" />
		<Unit filename="Logic/TankTypes.h" />
		<Unit filename="Net/Client.cpp" />
		<Unit filename="Net/Client.h" />
		<Unit filename="Net/ClientManager.cpp" />
		<Unit filename="Net/ClientManager.h" />
		<Unit filename="Net/MessageObject.cpp" />
		<Unit filename="Net/MessageObject.h" />
		<Unit filename="Net/Server.cpp" />
		<Unit filename="Net/Server.h" />
		<Unit filename="Util/DebugWindow.cpp" />
		<Unit filename="Util/DebugWindow.h" />
		<Unit filename="Util/GetInput.cpp" />
		<Unit filename="Util/GetInput.h" />
		<Unit filename="Util/Os.h" />
		<Unit filename="main.cpp" />
		<Extensions>
			<code_completion />
			<debugger />
		</Extensions>
	</Project>
</CodeBlocks_project_file>
