<?xml version="1.0" encoding="utf-8"?>
<Project ToolsVersion="4.0" xmlns="http://schemas.microsoft.com/developer/msbuild/2003">
  <ItemGroup>
    <Filter Include="Source Files">
      <UniqueIdentifier>{4FC737F1-C7A5-4376-A066-2A32D752A2FF}</UniqueIdentifier>
      <Extensions>cpp;c;cc;cxx;def;odl;idl;hpj;bat;asm;asmx</Extensions>
    </Filter>
    <Filter Include="Header Files">
      <UniqueIdentifier>{93995380-89BD-4b04-88EB-625FBE52EBFB}</UniqueIdentifier>
      <Extensions>h;hpp;hxx;hm;inl;inc;xsd</Extensions>
    </Filter>
    <Filter Include="Resource Files">
      <UniqueIdentifier>{67DA6AB6-F800-4c08-8B7A-83BB121AAD01}</UniqueIdentifier>
      <Extensions>rc;ico;cur;bmp;dlg;rc2;rct;bin;rgs;gif;jpg;jpeg;jpe;resx;tiff;tif;png;wav;mfcribbon-ms</Extensions>
    </Filter>
    <Filter Include="Source Files\Graphics">
      <UniqueIdentifier>{755a1588-f210-4cf4-a93a-0893a4e76ac4}</UniqueIdentifier>
    </Filter>
    <Filter Include="Header Files\Graphics">
      <UniqueIdentifier>{b141350a-ee40-4ec4-9658-068621584f1f}</UniqueIdentifier>
    </Filter>
    <Filter Include="Header Files\Net">
      <UniqueIdentifier>{8177c0fb-3174-4710-8a57-8fa852b9c5f4}</UniqueIdentifier>
    </Filter>
    <Filter Include="Source Files\Net">
      <UniqueIdentifier>{b4c463d9-1a85-47e4-ad6f-a3c436caff5f}</UniqueIdentifier>
    </Filter>
    <Filter Include="Source Files\GUI">
      <UniqueIdentifier>{c9ee2045-4c5f-4217-b1da-7f9d38494e76}</UniqueIdentifier>
    </Filter>
    <Filter Include="Header Files\GUI">
      <UniqueIdentifier>{d273e887-0f7e-4840-b72a-f4a28cfe4a3e}</UniqueIdentifier>
    </Filter>
    <Filter Include="Header Files\Util">
      <UniqueIdentifier>{55385023-0ef6-4d2c-a099-4355149f81f7}</UniqueIdentifier>
      <Extensions>
      </Extensions>
    </Filter>
    <Filter Include="Source Files\Util">
      <UniqueIdentifier>{965bebef-beda-40f7-8424-248130e7b9da}</UniqueIdentifier>
    </Filter>
    <Filter Include="Header Files\Logic">
      <UniqueIdentifier>{f1c19c34-80f1-40a4-9803-c958857175ea}</UniqueIdentifier>
    </Filter>
    <Filter Include="Source Files\Logic">
      <UniqueIdentifier>{ae1fafd5-9651-480f-bd49-1f76d6bd66da}</UniqueIdentifier>
    </Filter>
    <Filter Include="Controller">
      <UniqueIdentifier>{9bc61eab-ebb2-4d79-a66e-cf0fb57c9fa6}</UniqueIdentifier>
    </Filter>
    <Filter Include="Source Files\Controller">
      <UniqueIdentifier>{11ad26bd-4951-46f1-a723-628d8b841237}</UniqueIdentifier>
    </Filter>
  </ItemGroup>
  <ItemGroup>
    <ClCompile Include="main.cpp">
      <Filter>Source Files</Filter>
    </ClCompile>
    <ClCompile Include="Graphics\AbstractView.cpp">
      <Filter>Source Files\Graphics</Filter>
    </ClCompile>
    <ClCompile Include="Graphics\View.cpp">
      <Filter>Source Files\Graphics</Filter>
    </ClCompile>
    <ClCompile Include="GUI\Button.cpp">
      <Filter>Source Files\GUI</Filter>
    </ClCompile>
    <ClCompile Include="GUI\EditBox.cpp">
      <Filter>Source Files\GUI</Filter>
    </ClCompile>
    <ClCompile Include="GUI\Label.cpp">
      <Filter>Source Files\GUI</Filter>
    </ClCompile>
    <ClCompile Include="Logic\AbstractEntity.cpp">
      <Filter>Source Files\Logic</Filter>
    </ClCompile>
    <ClCompile Include="Net\Client.cpp">
      <Filter>Source Files\Net</Filter>
    </ClCompile>
    <ClCompile Include="Net\ClientManager.cpp">
      <Filter>Source Files\Net</Filter>
    </ClCompile>
    <ClCompile Include="Net\Server.cpp">
      <Filter>Source Files\Net</Filter>
    </ClCompile>
    <ClCompile Include="Util\DebugWindow.cpp">
      <Filter>Source Files\Util</Filter>
    </ClCompile>
    <ClCompile Include="Graphics\TextureHolder.cpp">
      <Filter>Source Files\Graphics</Filter>
    </ClCompile>
    <ClCompile Include="GUI\GuiElement.cpp">
      <Filter>Source Files\GUI</Filter>
    </ClCompile>
    <ClCompile Include="GUI\Coord.cpp">
      <Filter>Source Files\GUI</Filter>
    </ClCompile>
    <ClCompile Include="GUI\StartGui.cpp">
      <Filter>Source Files\GUI</Filter>
    </ClCompile>
    <ClCompile Include="GUI\GuiContainer.cpp">
      <Filter>Source Files\GUI</Filter>
    </ClCompile>
    <ClCompile Include="Net\MessageObject.cpp">
      <Filter>Source Files\Net</Filter>
    </ClCompile>
    <ClCompile Include="Util\GetInput.cpp">
      <Filter>Source Files\Util</Filter>
    </ClCompile>
    <ClCompile Include="Logic\Block.cpp">
      <Filter>Source Files\Logic</Filter>
    </ClCompile>
    <ClCompile Include="Logic\Tank.cpp">
      <Filter>Source Files\Logic</Filter>
    </ClCompile>
    <ClCompile Include="Logic\TankTypes.cpp">
      <Filter>Source Files\Logic</Filter>
    </ClCompile>
    <ClCompile Include="Logic\Map.cpp">
      <Filter>Source Files\Logic</Filter>
    </ClCompile>
    <ClCompile Include="Logic\Player.cpp">
      <Filter>Source Files\Logic</Filter>
    </ClCompile>
    <ClCompile Include="Graphics\TankAnimation.cpp">
      <Filter>Source Files\Graphics</Filter>
    </ClCompile>
    <ClCompile Include="Graphics\CommonTankInfo.cpp">
      <Filter>Source Files\Graphics</Filter>
    </ClCompile>
    <ClCompile Include="Util\Utils.cpp">
      <Filter>Source Files\Util</Filter>
    </ClCompile>
    <ClCompile Include="Controller\Controller.cpp">
      <Filter>Source Files\Controller</Filter>
    </ClCompile>
  </ItemGroup>
  <ItemGroup>
    <ClInclude Include="Graphics\AbstractView.h">
      <Filter>Header Files\Graphics</Filter>
    </ClInclude>
    <ClInclude Include="Graphics\View.h">
      <Filter>Header Files\Graphics</Filter>
    </ClInclude>
    <ClInclude Include="GUI\Button.h">
      <Filter>Header Files\GUI</Filter>
    </ClInclude>
    <ClInclude Include="GUI\EditBox.h">
      <Filter>Header Files\GUI</Filter>
    </ClInclude>
    <ClInclude Include="GUI\Label.h">
      <Filter>Header Files\GUI</Filter>
    </ClInclude>
    <ClInclude Include="Logic\AbstractEntity.h">
      <Filter>Header Files\Logic</Filter>
    </ClInclude>
    <ClInclude Include="Net\Client.h">
      <Filter>Header Files\Net</Filter>
    </ClInclude>
    <ClInclude Include="Net\ClientManager.h">
      <Filter>Header Files\Net</Filter>
    </ClInclude>
    <ClInclude Include="Net\Server.h">
      <Filter>Header Files\Net</Filter>
    </ClInclude>
    <ClInclude Include="Graphics\TextureHolder.h">
      <Filter>Header Files\Graphics</Filter>
    </ClInclude>
    <ClInclude Include="Util\Os.h">
      <Filter>Header Files\Util</Filter>
    </ClInclude>
    <ClInclude Include="Util\DebugWindow.h">
      <Filter>Header Files\Util</Filter>
    </ClInclude>
    <ClInclude Include="GUI\GuiElement.h">
      <Filter>Header Files\GUI</Filter>
    </ClInclude>
    <ClInclude Include="GUI\GuiContainer.h">
      <Filter>Header Files\GUI</Filter>
    </ClInclude>
    <ClInclude Include="Util\GetInput.h">
      <Filter>Header Files\Util</Filter>
    </ClInclude>
    <ClInclude Include="Net\MessageObject.h">
      <Filter>Header Files\Net</Filter>
    </ClInclude>
    <ClInclude Include="GUI\StartGui.h">
      <Filter>Header Files\GUI</Filter>
    </ClInclude>
    <ClInclude Include="GUI\Coord.h">
      <Filter>Header Files\GUI</Filter>
    </ClInclude>
    <ClInclude Include="Logic\Block.h">
      <Filter>Header Files\Logic</Filter>
    </ClInclude>
    <ClInclude Include="Logic\Tank.h">
      <Filter>Header Files\Logic</Filter>
    </ClInclude>
    <ClInclude Include="Logic\TankTypes.h">
      <Filter>Header Files\Logic</Filter>
    </ClInclude>
    <ClInclude Include="Logic\Map.h">
      <Filter>Header Files\Logic</Filter>
    </ClInclude>
    <ClInclude Include="Logic\Player.h">
      <Filter>Header Files\Logic</Filter>
    </ClInclude>
    <ClInclude Include="Graphics\TankAnimation.h">
      <Filter>Header Files\Graphics</Filter>
    </ClInclude>
    <ClInclude Include="Graphics\CommonTankInfo.h">
      <Filter>Header Files\Graphics</Filter>
    </ClInclude>
    <ClInclude Include="Util\Utils.h">
      <Filter>Header Files\Util</Filter>
    </ClInclude>
    <ClInclude Include="Controller\Controller.h">
      <Filter>Controller</Filter>
    </ClInclude>
  </ItemGroup>
  <ItemGroup>
    <None Include="resource\barrel1.png">
      <Filter>Resource Files</Filter>
    </None>
    <None Include="resource\barrel2.png">
      <Filter>Resource Files</Filter>
    </None>
    <None Include="resource\barrel3.png">
      <Filter>Resource Files</Filter>
    </None>
    <None Include="resource\tank1.png">
      <Filter>Resource Files</Filter>
    </None>
    <None Include="resource\tank2.png">
      <Filter>Resource Files</Filter>
    </None>
    <None Include="resource\tank3.png">
      <Filter>Resource Files</Filter>
    </None>
  </ItemGroup>
</Project>